
Microsoft Visual Studio Solution File, Format Version 12.00
# Visual Studio Version 16
VisualStudioVersion = 16.0.30320.27
MinimumVisualStudioVersion = 10.0.40219.1
Project("{9A19103F-16F7-4668-BE54-9A1E7A4F7556}") = "AoCCore", "AoCCore\AoCCore.csproj", "{193B2331-52F9-4F78-BF89-A0F1495B92C3}"
EndProject
Project("{9A19103F-16F7-4668-BE54-9A1E7A4F7556}") = "AoCRunner", "AoCRunner\AoCRunner.csproj", "{3488A27B-01B8-4541-A055-5AAE0DEE36B4}"
EndProject
Project("{FAE04EC0-301F-11D3-BF4B-00C04F79EFBC}") = "Challenges", "Challenges\Challenges.csproj", "{4C9C7634-68E3-4C0A-BD2E-157C0AF770A3}"
EndProject
Global
	GlobalSection(SolutionConfigurationPlatforms) = preSolution
		Debug|Any CPU = Debug|Any CPU
		Release|Any CPU = Release|Any CPU
	EndGlobalSection
	GlobalSection(ProjectConfigurationPlatforms) = postSolution
		{193B2331-52F9-4F78-BF89-A0F1495B92C3}.Debug|Any CPU.ActiveCfg = Debug|Any CPU
		{193B2331-52F9-4F78-BF89-A0F1495B92C3}.Debug|Any CPU.Build.0 = Debug|Any CPU
		{193B2331-52F9-4F78-BF89-A0F1495B92C3}.Release|Any CPU.ActiveCfg = Release|Any CPU
		{193B2331-52F9-4F78-BF89-A0F1495B92C3}.Release|Any CPU.Build.0 = Release|Any CPU
		{3488A27B-01B8-4541-A055-5AAE0DEE36B4}.Debug|Any CPU.ActiveCfg = Debug|Any CPU
		{3488A27B-01B8-4541-A055-5AAE0DEE36B4}.Debug|Any CPU.Build.0 = Debug|Any CPU
		{3488A27B-01B8-4541-A055-5AAE0DEE36B4}.Release|Any CPU.ActiveCfg = Release|Any CPU
		{3488A27B-01B8-4541-A055-5AAE0DEE36B4}.Release|Any CPU.Build.0 = Release|Any CPU
		{4C9C7634-68E3-4C0A-BD2E-157C0AF770A3}.Debug|Any CPU.ActiveCfg = Debug|Any CPU
		{4C9C7634-68E3-4C0A-BD2E-157C0AF770A3}.Debug|Any CPU.Build.0 = Debug|Any CPU
		{4C9C7634-68E3-4C0A-BD2E-157C0AF770A3}.Release|Any CPU.ActiveCfg = Release|Any CPU
		{4C9C7634-68E3-4C0A-BD2E-157C0AF770A3}.Release|Any CPU.Build.0 = Release|Any CPU
	EndGlobalSection
	GlobalSection(SolutionProperties) = preSolution
		HideSolutionNode = FALSE
	EndGlobalSection
	GlobalSection(ExtensibilityGlobals) = postSolution
		SolutionGuid = {668A851A-1085-472C-838B-E0996E3B8808}
	EndGlobalSection
EndGlobal
